
Microsoft Visual Studio Solution File, Format Version 12.00
# Visual Studio 2013
VisualStudioVersion = 12.0.21005.1
MinimumVisualStudioVersion = 10.0.40219.1
Project("{FAE04EC0-301F-11D3-BF4B-00C04F79EFBC}") = "XmppClient", "XmppClient\XmppClient.csproj", "{B7F9B983-081A-4008-8B1B-679EF01108B5}"
EndProject
Project("{FAE04EC0-301F-11D3-BF4B-00C04F79EFBC}") = "agsXMPP2010", "..\MVCserver\agsxmpp\agsXMPP2010.csproj", "{91EA0D0B-D3BA-497F-AFEB-2CAD59DEBA0E}"
EndProject
Project("{FAE04EC0-301F-11D3-BF4B-00C04F79EFBC}") = "performance", "performance\performance.csproj", "{AB62C5F4-129E-483A-A194-5C3C67E859AD}"
EndProject
Global
	GlobalSection(SolutionConfigurationPlatforms) = preSolution
		Debug|Any CPU = Debug|Any CPU
		Release|Any CPU = Release|Any CPU
	EndGlobalSection
	GlobalSection(ProjectConfigurationPlatforms) = postSolution
		{B7F9B983-081A-4008-8B1B-679EF01108B5}.Debug|Any CPU.ActiveCfg = Debug|Any CPU
		{B7F9B983-081A-4008-8B1B-679EF01108B5}.Debug|Any CPU.Build.0 = Debug|Any CPU
		{B7F9B983-081A-4008-8B1B-679EF01108B5}.Release|Any CPU.ActiveCfg = Release|Any CPU
		{B7F9B983-081A-4008-8B1B-679EF01108B5}.Release|Any CPU.Build.0 = Release|Any CPU
		{91EA0D0B-D3BA-497F-AFEB-2CAD59DEBA0E}.Debug|Any CPU.ActiveCfg = Debug|Any CPU
		{91EA0D0B-D3BA-497F-AFEB-2CAD59DEBA0E}.Debug|Any CPU.Build.0 = Debug|Any CPU
		{91EA0D0B-D3BA-497F-AFEB-2CAD59DEBA0E}.Release|Any CPU.ActiveCfg = Release|Any CPU
		{91EA0D0B-D3BA-497F-AFEB-2CAD59DEBA0E}.Release|Any CPU.Build.0 = Release|Any CPU
		{AB62C5F4-129E-483A-A194-5C3C67E859AD}.Debug|Any CPU.ActiveCfg = Debug|Any CPU
		{AB62C5F4-129E-483A-A194-5C3C67E859AD}.Debug|Any CPU.Build.0 = Debug|Any CPU
		{AB62C5F4-129E-483A-A194-5C3C67E859AD}.Release|Any CPU.ActiveCfg = Release|Any CPU
		{AB62C5F4-129E-483A-A194-5C3C67E859AD}.Release|Any CPU.Build.0 = Release|Any CPU
	EndGlobalSection
	GlobalSection(SolutionProperties) = preSolution
		HideSolutionNode = FALSE
	EndGlobalSection
EndGlobal
