
Microsoft Visual Studio Solution File, Format Version 12.00
# Visual Studio 2013
VisualStudioVersion = 12.0.21005.1
MinimumVisualStudioVersion = 10.0.40219.1
Project("{FAE04EC0-301F-11D3-BF4B-00C04F79EFBC}") = "FileDownloadAndUpload", "FileDownloadAndUpload\FileDownloadAndUpload.csproj", "{D19EEA84-589A-4D9E-9E5C-019718947D06}"
EndProject
Project("{FAE04EC0-301F-11D3-BF4B-00C04F79EFBC}") = "FileDownloadAndUpload.Tests", "FileDownloadAndUpload.Tests\FileDownloadAndUpload.Tests.csproj", "{F784375F-0E30-445E-935F-B6D15A3A98E9}"
EndProject
Project("{FAE04EC0-301F-11D3-BF4B-00C04F79EFBC}") = "agsXMPP2010", "..\agsxmpp\agsXMPP2010.csproj", "{91EA0D0B-D3BA-497F-AFEB-2CAD59DEBA0E}"
EndProject
Project("{FAE04EC0-301F-11D3-BF4B-00C04F79EFBC}") = "FoxundermoonLib", "..\..\..\Lib\FoxundermoonLib\FoxundermoonLib\FoxundermoonLib.csproj", "{7A04DA80-47C9-419C-800C-980B45E955CD}"
EndProject
Project("{FAE04EC0-301F-11D3-BF4B-00C04F79EFBC}") = "FoxundermoonLibTests", "..\..\..\Lib\FoxundermoonLib\FoxundermoonLibTests\FoxundermoonLibTests.csproj", "{72E8CB46-C7E9-4FB8-A15A-FFFE68B1AA64}"
EndProject
Global
	GlobalSection(SolutionConfigurationPlatforms) = preSolution
		Debug|Any CPU = Debug|Any CPU
		Release|Any CPU = Release|Any CPU
	EndGlobalSection
	GlobalSection(ProjectConfigurationPlatforms) = postSolution
		{D19EEA84-589A-4D9E-9E5C-019718947D06}.Debug|Any CPU.ActiveCfg = Debug|Any CPU
		{D19EEA84-589A-4D9E-9E5C-019718947D06}.Debug|Any CPU.Build.0 = Debug|Any CPU
		{D19EEA84-589A-4D9E-9E5C-019718947D06}.Release|Any CPU.ActiveCfg = Release|Any CPU
		{D19EEA84-589A-4D9E-9E5C-019718947D06}.Release|Any CPU.Build.0 = Release|Any CPU
		{F784375F-0E30-445E-935F-B6D15A3A98E9}.Debug|Any CPU.ActiveCfg = Debug|Any CPU
		{F784375F-0E30-445E-935F-B6D15A3A98E9}.Debug|Any CPU.Build.0 = Debug|Any CPU
		{F784375F-0E30-445E-935F-B6D15A3A98E9}.Release|Any CPU.ActiveCfg = Release|Any CPU
		{F784375F-0E30-445E-935F-B6D15A3A98E9}.Release|Any CPU.Build.0 = Release|Any CPU
		{91EA0D0B-D3BA-497F-AFEB-2CAD59DEBA0E}.Debug|Any CPU.ActiveCfg = Debug|Any CPU
		{91EA0D0B-D3BA-497F-AFEB-2CAD59DEBA0E}.Debug|Any CPU.Build.0 = Debug|Any CPU
		{91EA0D0B-D3BA-497F-AFEB-2CAD59DEBA0E}.Release|Any CPU.ActiveCfg = Release|Any CPU
		{91EA0D0B-D3BA-497F-AFEB-2CAD59DEBA0E}.Release|Any CPU.Build.0 = Release|Any CPU
		{7A04DA80-47C9-419C-800C-980B45E955CD}.Debug|Any CPU.ActiveCfg = Debug|Any CPU
		{7A04DA80-47C9-419C-800C-980B45E955CD}.Debug|Any CPU.Build.0 = Debug|Any CPU
		{7A04DA80-47C9-419C-800C-980B45E955CD}.Release|Any CPU.ActiveCfg = Release|Any CPU
		{7A04DA80-47C9-419C-800C-980B45E955CD}.Release|Any CPU.Build.0 = Release|Any CPU
		{72E8CB46-C7E9-4FB8-A15A-FFFE68B1AA64}.Debug|Any CPU.ActiveCfg = Debug|Any CPU
		{72E8CB46-C7E9-4FB8-A15A-FFFE68B1AA64}.Debug|Any CPU.Build.0 = Debug|Any CPU
		{72E8CB46-C7E9-4FB8-A15A-FFFE68B1AA64}.Release|Any CPU.ActiveCfg = Release|Any CPU
		{72E8CB46-C7E9-4FB8-A15A-FFFE68B1AA64}.Release|Any CPU.Build.0 = Release|Any CPU
	EndGlobalSection
	GlobalSection(SolutionProperties) = preSolution
		HideSolutionNode = FALSE
	EndGlobalSection
EndGlobal
